// !$*UTF8*$!
{
	archiveVersion = 1;
	classes = {
	};
	objectVersion = 55;
	objects = {

/* Begin PBXBuildFile section */
		65D4ECE4275750AC00BCACE0 /* AppDelegate.swift in Sources */ = {isa = PBXBuildFile; fileRef = 65D4ECE3275750AC00BCACE0 /* AppDelegate.swift */; };
		65D4ECE6275750AC00BCACE0 /* SceneDelegate.swift in Sources */ = {isa = PBXBuildFile; fileRef = 65D4ECE5275750AC00BCACE0 /* SceneDelegate.swift */; };
		65D4ECE8275750AC00BCACE0 /* MainVC.swift in Sources */ = {isa = PBXBuildFile; fileRef = 65D4ECE7275750AC00BCACE0 /* MainVC.swift */; };
		65D4ECEB275750AC00BCACE0 /* Main.storyboard in Resources */ = {isa = PBXBuildFile; fileRef = 65D4ECE9275750AC00BCACE0 /* Main.storyboard */; };
		65D4ECED275750B000BCACE0 /* Assets.xcassets in Resources */ = {isa = PBXBuildFile; fileRef = 65D4ECEC275750B000BCACE0 /* Assets.xcassets */; };
		65D4ECF0275750B000BCACE0 /* LaunchScreen.storyboard in Resources */ = {isa = PBXBuildFile; fileRef = 65D4ECEE275750B000BCACE0 /* LaunchScreen.storyboard */; };
		65D4ECFD275765E000BCACE0 /* Olaf Speak.m4a in Resources */ = {isa = PBXBuildFile; fileRef = 65D4ECFC275765E000BCACE0 /* Olaf Speak.m4a */; };
		65D4ED0027576B8B00BCACE0 /* MySnowParticle.sks in Resources */ = {isa = PBXBuildFile; fileRef = 65D4ECFF27576B8A00BCACE0 /* MySnowParticle.sks */; };
/* End PBXBuildFile section */

/* Begin PBXFileReference section */
		65D4ECE0275750AB00BCACE0 /* cuteOlaf.app */ = {isa = PBXFileReference; explicitFileType = wrapper.application; includeInIndex = 0; path = cuteOlaf.app; sourceTree = BUILT_PRODUCTS_DIR; };
		65D4ECE3275750AC00BCACE0 /* AppDelegate.swift */ = {isa = PBXFileReference; lastKnownFileType = sourcecode.swift; path = AppDelegate.swift; sourceTree = "<group>"; };
		65D4ECE5275750AC00BCACE0 /* SceneDelegate.swift */ = {isa = PBXFileReference; lastKnownFileType = sourcecode.swift; path = SceneDelegate.swift; sourceTree = "<group>"; };
		65D4ECE7275750AC00BCACE0 /* MainVC.swift */ = {isa = PBXFileReference; lastKnownFileType = sourcecode.swift; path = MainVC.swift; sourceTree = "<group>"; };
		65D4ECEA275750AC00BCACE0 /* Base */ = {isa = PBXFileReference; lastKnownFileType = file.storyboard; name = Base; path = Base.lproj/Main.storyboard; sourceTree = "<group>"; };
		65D4ECEC275750B000BCACE0 /* Assets.xcassets */ = {isa = PBXFileReference; lastKnownFileType = folder.assetcatalog; path = Assets.xcassets; sourceTree = "<group>"; };
		65D4ECEF275750B000BCACE0 /* Base */ = {isa = PBXFileReference; lastKnownFileType = file.storyboard; name = Base; path = Base.lproj/LaunchScreen.storyboard; sourceTree = "<group>"; };
		65D4ECF1275750B000BCACE0 /* Info.plist */ = {isa = PBXFileReference; lastKnownFileType = text.plist.xml; path = Info.plist; sourceTree = "<group>"; };
		65D4ECFC275765E000BCACE0 /* Olaf Speak.m4a */ = {isa = PBXFileReference; lastKnownFileType = file; path = "Olaf Speak.m4a"; sourceTree = "<group>"; };
		65D4ECFF27576B8A00BCACE0 /* MySnowParticle.sks */ = {isa = PBXFileReference; lastKnownFileType = file.sks; path = MySnowParticle.sks; sourceTree = "<group>"; };
/* End PBXFileReference section */

/* Begin PBXFrameworksBuildPhase section */
		65D4ECDD275750AB00BCACE0 /* Frameworks */ = {
			isa = PBXFrameworksBuildPhase;
			buildActionMask = 2147483647;
			files = (
			);
			runOnlyForDeploymentPostprocessing = 0;
		};
/* End PBXFrameworksBuildPhase section */

/* Begin PBXGroup section */
		65D4ECD7275750AB00BCACE0 = {
			isa = PBXGroup;
			children = (
				65D4ECE2275750AB00BCACE0 /* cuteOlaf */,
				65D4ECE1275750AB00BCACE0 /* Products */,
			);
			sourceTree = "<group>";
		};
		65D4ECE1275750AB00BCACE0 /* Products */ = {
			isa = PBXGroup;
			children = (
				65D4ECE0275750AB00BCACE0 /* cuteOlaf.app */,
			);
			name = Products;
			sourceTree = "<group>";
		};
		65D4ECE2275750AB00BCACE0 /* cuteOlaf */ = {
			isa = PBXGroup;
			children = (
				65D4ECFC275765E000BCACE0 /* Olaf Speak.m4a */,
				65D4ECE3275750AC00BCACE0 /* AppDelegate.swift */,
				65D4ECE5275750AC00BCACE0 /* SceneDelegate.swift */,
				65D4ECE7275750AC00BCACE0 /* MainVC.swift */,
				65D4ECFF27576B8A00BCACE0 /* MySnowParticle.sks */,
				65D4ECE9275750AC00BCACE0 /* Main.storyboard */,
				65D4ECEC275750B000BCACE0 /* Assets.xcassets */,
				65D4ECEE275750B000BCACE0 /* LaunchScreen.storyboard */,
				65D4ECF1275750B000BCACE0 /* Info.plist */,
			);
			path = cuteOlaf;
			sourceTree = "<group>";
		};
/* End PBXGroup section */

/* Begin PBXNativeTarget section */
		65D4ECDF275750AB00BCACE0 /* cuteOlaf */ = {
			isa = PBXNativeTarget;
			buildConfigurationList = 65D4ECF4275750B000BCACE0 /* Build configuration list for PBXNativeTarget "cuteOlaf" */;
			buildPhases = (
				65D4ECDC275750AB00BCACE0 /* Sources */,
				65D4ECDD275750AB00BCACE0 /* Frameworks */,
				65D4ECDE275750AB00BCACE0 /* Resources */,
			);
			buildRules = (
			);
			dependencies = (
			);
			name = cuteOlaf;
			productName = cuteOlaf;
			productReference = 65D4ECE0275750AB00BCACE0 /* cuteOlaf.app */;
			productType = "com.apple.product-type.application";
		};
/* End PBXNativeTarget section */

/* Begin PBXProject section */
		65D4ECD8275750AB00BCACE0 /* Project object */ = {
			isa = PBXProject;
			attributes = {
				BuildIndependentTargetsInParallel = 1;
				LastSwiftUpdateCheck = 1310;
				LastUpgradeCheck = 1310;
				TargetAttributes = {
					65D4ECDF275750AB00BCACE0 = {
						CreatedOnToolsVersion = 13.1;
					};
				};
			};
			buildConfigurationList = 65D4ECDB275750AB00BCACE0 /* Build configuration list for PBXProject "cuteOlaf" */;
			compatibilityVersion = "Xcode 13.0";
			developmentRegion = en;
			hasScannedForEncodings = 0;
			knownRegions = (
				en,
				Base,
			);
			mainGroup = 65D4ECD7275750AB00BCACE0;
			productRefGroup = 65D4ECE1275750AB00BCACE0 /* Products */;
			projectDirPath = "";
			projectRoot = "";
			targets = (
				65D4ECDF275750AB00BCACE0 /* cuteOlaf */,
			);
		};
/* End PBXProject section */

/* Begin PBXResourcesBuildPhase section */
		65D4ECDE275750AB00BCACE0 /* Resources */ = {
			isa = PBXResourcesBuildPhase;
			buildActionMask = 2147483647;
			files = (
				65D4ECFD275765E000BCACE0 /* Olaf Speak.m4a in Resources */,
				65D4ED0027576B8B00BCACE0 /* MySnowParticle.sks in Resources */,
				65D4ECF0275750B000BCACE0 /* LaunchScreen.storyboard in Resources */,
				65D4ECED275750B000BCACE0 /* Assets.xcassets in Resources */,
				65D4ECEB275750AC00BCACE0 /* Main.storyboard in Resources */,
			);
			runOnlyForDeploymentPostprocessing = 0;
		};
/* End PBXResourcesBuildPhase section */

/* Begin PBXSourcesBuildPhase section */
		65D4ECDC275750AB00BCACE0 /* Sources */ = {
			isa = PBXSourcesBuildPhase;
			buildActionMask = 2147483647;
			files = (
				65D4ECE8275750AC00BCACE0 /* MainVC.swift in Sources */,
				65D4ECE4275750AC00BCACE0 /* AppDelegate.swift in Sources */,
				65D4ECE6275750AC00BCACE0 /* SceneDelegate.swift in Sources */,
			);
			runOnlyForDeploymentPostprocessing = 0;
		};
/* End PBXSourcesBuildPhase section */

/* Begin PBXVariantGroup section */
		65D4ECE9275750AC00BCACE0 /* Main.storyboard */ = {
			isa = PBXVariantGroup;
			children = (
				65D4ECEA275750AC00BCACE0 /* Base */,
			);
			name = Main.storyboard;
			sourceTree = "<group>";
		};
		65D4ECEE275750B000BCACE0 /* LaunchScreen.storyboard */ = {
			isa = PBXVariantGroup;
			children = (
				65D4ECEF275750B000BCACE0 /* Base */,
			);
			name = LaunchScreen.storyboard;
			sourceTree = "<group>";
		};
/* End PBXVariantGroup section */

/* Begin XCBuildConfiguration section */
		65D4ECF2275750B000BCACE0 /* Debug */ = {
			isa = XCBuildConfiguration;
			buildSettings = {
				ALWAYS_SEARCH_USER_PATHS = NO;
				CLANG_ANALYZER_NONNULL = YES;
				CLANG_ANALYZER_NUMBER_OBJECT_CONVERSION = YES_AGGRESSIVE;
				CLANG_CXX_LANGUAGE_STANDARD = "gnu++17";
				CLANG_CXX_LIBRARY = "libc++";
				CLANG_ENABLE_MODULES = YES;
				CLANG_ENABLE_OBJC_ARC = YES;
				CLANG_ENABLE_OBJC_WEAK = YES;
				CLANG_WARN_BLOCK_CAPTURE_AUTORELEASING = YES;
				CLANG_WARN_BOOL_CONVERSION = YES;
				CLANG_WARN_COMMA = YES;
				CLANG_WARN_CONSTANT_CONVERSION = YES;
				CLANG_WARN_DEPRECATED_OBJC_IMPLEMENTATIONS = YES;
				CLANG_WARN_DIRECT_OBJC_ISA_USAGE = YES_ERROR;
				CLANG_WARN_DOCUMENTATION_COMMENTS = YES;
				CLANG_WARN_EMPTY_BODY = YES;
				CLANG_WARN_ENUM_CONVERSION = YES;
				CLANG_WARN_INFINITE_RECURSION = YES;
				CLANG_WARN_INT_CONVERSION = YES;
				CLANG_WARN_NON_LITERAL_NULL_CONVERSION = YES;
				CLANG_WARN_OBJC_IMPLICIT_RETAIN_SELF = YES;
				CLANG_WARN_OBJC_LITERAL_CONVERSION = YES;
				CLANG_WARN_OBJC_ROOT_CLASS = YES_ERROR;
				CLANG_WARN_QUOTED_INCLUDE_IN_FRAMEWORK_HEADER = YES;
				CLANG_WARN_RANGE_LOOP_ANALYSIS = YES;
				CLANG_WARN_STRICT_PROTOTYPES = YES;
				CLANG_WARN_SUSPICIOUS_MOVE = YES;
				CLANG_WARN_UNGUARDED_AVAILABILITY = YES_AGGRESSIVE;
				CLANG_WARN_UNREACHABLE_CODE = YES;
				CLANG_WARN__DUPLICATE_METHOD_MATCH = YES;
				COPY_PHASE_STRIP = NO;
				DEBUG_INFORMATION_FORMAT = dwarf;
				ENABLE_STRICT_OBJC_MSGSEND = YES;
				ENABLE_TESTABILITY = YES;
				GCC_C_LANGUAGE_STANDARD = gnu11;
				GCC_DYNAMIC_NO_PIC = NO;
				GCC_NO_COMMON_BLOCKS = YES;
				GCC_OPTIMIZATION_LEVEL = 0;
				GCC_PREPROCESSOR_DEFINITIONS = (
					"DEBUG=1",
					"$(inherited)",
				);
				GCC_WARN_64_TO_32_BIT_CONVERSION = YES;
				GCC_WARN_ABOUT_RETURN_TYPE = YES_ERROR;
				GCC_WARN_UNDECLARED_SELECTOR = YES;
				GCC_WARN_UNINITIALIZED_AUTOS = YES_AGGRESSIVE;
				GCC_WARN_UNUSED_FUNCTION = YES;
				GCC_WARN_UNUSED_VARIABLE = YES;
				IPHONEOS_DEPLOYMENT_TARGET = 15.0;
				MTL_ENABLE_DEBUG_INFO = INCLUDE_SOURCE;
				MTL_FAST_MATH = YES;
				ONLY_ACTIVE_ARCH = YES;
				SDKROOT = iphoneos;
				SWIFT_ACTIVE_COMPILATION_CONDITIONS = DEBUG;
				SWIFT_OPTIMIZATION_LEVEL = "-Onone";
			};
			name = Debug;
		};
		65D4ECF3275750B000BCACE0 /* Release */ = {
			isa = XCBuildConfiguration;
			buildSettings = {
				ALWAYS_SEARCH_USER_PATHS = NO;
				CLANG_ANALYZER_NONNULL = YES;
				CLANG_ANALYZER_NUMBER_OBJECT_CONVERSION = YES_AGGRESSIVE;
				CLANG_CXX_LANGUAGE_STANDARD = "gnu++17";
				CLANG_CXX_LIBRARY = "libc++";
				CLANG_ENABLE_MODULES = YES;
				CLANG_ENABLE_OBJC_ARC = YES;
				CLANG_ENABLE_OBJC_WEAK = YES;
				CLANG_WARN_BLOCK_CAPTURE_AUTORELEASING = YES;
				CLANG_WARN_BOOL_CONVERSION = YES;
				CLANG_WARN_COMMA = YES;
				CLANG_WARN_CONSTANT_CONVERSION = YES;
				CLANG_WARN_DEPRECATED_OBJC_IMPLEMENTATIONS = YES;
				CLANG_WARN_DIRECT_OBJC_ISA_USAGE = YES_ERROR;
				CLANG_WARN_DOCUMENTATION_COMMENTS = YES;
				CLANG_WARN_EMPTY_BODY = YES;
				CLANG_WARN_ENUM_CONVERSION = YES;
				CLANG_WARN_INFINITE_RECURSION = YES;
				CLANG_WARN_INT_CONVERSION = YES;
				CLANG_WARN_NON_LITERAL_NULL_CONVERSION = YES;
				CLANG_WARN_OBJC_IMPLICIT_RETAIN_SELF = YES;
				CLANG_WARN_OBJC_LITERAL_CONVERSION = YES;
				CLANG_WARN_OBJC_ROOT_CLASS = YES_ERROR;
				CLANG_WARN_QUOTED_INCLUDE_IN_FRAMEWORK_HEADER = YES;
				CLANG_WARN_RANGE_LOOP_ANALYSIS = YES;
				CLANG_WARN_STRICT_PROTOTYPES = YES;
				CLANG_WARN_SUSPICIOUS_MOVE = YES;
				CLANG_WARN_UNGUARDED_AVAILABILITY = YES_AGGRESSIVE;
				CLANG_WARN_UNREACHABLE_CODE = YES;
				CLANG_WARN__DUPLICATE_METHOD_MATCH = YES;
				COPY_PHASE_STRIP = NO;
				DEBUG_INFORMATION_FORMAT = "dwarf-with-dsym";
				ENABLE_NS_ASSERTIONS = NO;
				ENABLE_STRICT_OBJC_MSGSEND = YES;
				GCC_C_LANGUAGE_STANDARD = gnu11;
				GCC_NO_COMMON_BLOCKS = YES;
				GCC_WARN_64_TO_32_BIT_CONVERSION = YES;
				GCC_WARN_ABOUT_RETURN_TYPE = YES_ERROR;
				GCC_WARN_UNDECLARED_SELECTOR = YES;
				GCC_WARN_UNINITIALIZED_AUTOS = YES_AGGRESSIVE;
				GCC_WARN_UNUSED_FUNCTION = YES;
				GCC_WARN_UNUSED_VARIABLE = YES;
				IPHONEOS_DEPLOYMENT_TARGET = 15.0;
				MTL_ENABLE_DEBUG_INFO = NO;
				MTL_FAST_MATH = YES;
				SDKROOT = iphoneos;
				SWIFT_COMPILATION_MODE = wholemodule;
				SWIFT_OPTIMIZATION_LEVEL = "-O";
				VALIDATE_PRODUCT = YES;
			};
			name = Release;
		};
		65D4ECF5275750B000BCACE0 /* Debug */ = {
			isa = XCBuildConfiguration;
			buildSettings = {
				ASSETCATALOG_COMPILER_APPICON_NAME = AppIcon;
				ASSETCATALOG_COMPILER_GLOBAL_ACCENT_COLOR_NAME = AccentColor;
				CODE_SIGN_STYLE = Automatic;
				CURRENT_PROJECT_VERSION = 1;
				DEVELOPMENT_TEAM = M7VYBSBW34;
				GENERATE_INFOPLIST_FILE = YES;
				INFOPLIST_FILE = cuteOlaf/Info.plist;
				INFOPLIST_KEY_UIApplicationSupportsIndirectInputEvents = YES;
				INFOPLIST_KEY_UILaunchStoryboardName = LaunchScreen;
				INFOPLIST_KEY_UIMainStoryboardFile = Main;
				INFOPLIST_KEY_UISupportedInterfaceOrientations_iPad = "UIInterfaceOrientationPortrait UIInterfaceOrientationPortraitUpsideDown UIInterfaceOrientationLandscapeLeft UIInterfaceOrientationLandscapeRight";
				INFOPLIST_KEY_UISupportedInterfaceOrientations_iPhone = "UIInterfaceOrientationPortrait UIInterfaceOrientationLandscapeLeft UIInterfaceOrientationLandscapeRight";
				LD_RUNPATH_SEARCH_PATHS = (
					"$(inherited)",
					"@executable_path/Frameworks",
				);
				MARKETING_VERSION = 1.0;
				PRODUCT_BUNDLE_IDENTIFIER = com.Tommy.cuteOlaf;
				PRODUCT_NAME = "$(TARGET_NAME)";
				SWIFT_EMIT_LOC_STRINGS = YES;
				SWIFT_VERSION = 5.0;
				TARGETED_DEVICE_FAMILY = "1,2";
			};
			name = Debug;
		};
		65D4ECF6275750B000BCACE0 /* Release */ = {
			isa = XCBuildConfiguration;
			buildSettings = {
				ASSETCATALOG_COMPILER_APPICON_NAME = AppIcon;
				ASSETCATALOG_COMPILER_GLOBAL_ACCENT_COLOR_NAME = AccentColor;
				CODE_SIGN_STYLE = Automatic;
				CURRENT_PROJECT_VERSION = 1;
				DEVELOPMENT_TEAM = M7VYBSBW34;
				GENERATE_INFOPLIST_FILE = YES;
				INFOPLIST_FILE = cuteOlaf/Info.plist;
				INFOPLIST_KEY_UIApplicationSupportsIndirectInputEvents = YES;
				INFOPLIST_KEY_UILaunchStoryboardName = LaunchScreen;
				INFOPLIST_KEY_UIMainStoryboardFile = Main;
				INFOPLIST_KEY_UISupportedInterfaceOrientations_iPad = "UIInterfaceOrientationPortrait UIInterfaceOrientationPortraitUpsideDown UIInterfaceOrientationLandscapeLeft UIInterfaceOrientationLandscapeRight";
				INFOPLIST_KEY_UISupportedInterfaceOrientations_iPhone = "UIInterfaceOrientationPortrait UIInterfaceOrientationLandscapeLeft UIInterfaceOrientationLandscapeRight";
				LD_RUNPATH_SEARCH_PATHS = (
					"$(inherited)",
					"@executable_path/Frameworks",
				);
				MARKETING_VERSION = 1.0;
				PRODUCT_BUNDLE_IDENTIFIER = com.Tommy.cuteOlaf;
				PRODUCT_NAME = "$(TARGET_NAME)";
				SWIFT_EMIT_LOC_STRINGS = YES;
				SWIFT_VERSION = 5.0;
				TARGETED_DEVICE_FAMILY = "1,2";
			};
			name = Release;
		};
/* End XCBuildConfiguration section */

/* Begin XCConfigurationList section */
		65D4ECDB275750AB00BCACE0 /* Build configuration list for PBXProject "cuteOlaf" */ = {
			isa = XCConfigurationList;
			buildConfigurations = (
				65D4ECF2275750B000BCACE0 /* Debug */,
				65D4ECF3275750B000BCACE0 /* Release */,
			);
			defaultConfigurationIsVisible = 0;
			defaultConfigurationName = Release;
		};
		65D4ECF4275750B000BCACE0 /* Build configuration list for PBXNativeTarget "cuteOlaf" */ = {
			isa = XCConfigurationList;
			buildConfigurations = (
				65D4ECF5275750B000BCACE0 /* Debug */,
				65D4ECF6275750B000BCACE0 /* Release */,
			);
			defaultConfigurationIsVisible = 0;
			defaultConfigurationName = Release;
		};
/* End XCConfigurationList section */
	};
	rootObject = 65D4ECD8275750AB00BCACE0 /* Project object */;
}
